
Microsoft Visual Studio Solution File, Format Version 12.00
# Visual Studio Version 17
VisualStudioVersion = 17.7.34202.233
MinimumVisualStudioVersion = 10.0.40219.1
Project("{FAE04EC0-301F-11D3-BF4B-00C04F79EFBC}") = "Fshop", "Fshop\Fshop.csproj", "{033D5FAD-6C5E-4DBC-B192-868E5EA7C107}"
EndProject
Global
	GlobalSection(SolutionConfigurationPlatforms) = preSolution
		Debug|Any CPU = Debug|Any CPU
		Release|Any CPU = Release|Any CPU
	EndGlobalSection
	GlobalSection(ProjectConfigurationPlatforms) = postSolution
		{033D5FAD-6C5E-4DBC-B192-868E5EA7C107}.Debug|Any CPU.ActiveCfg = Debug|Any CPU
		{033D5FAD-6C5E-4DBC-B192-868E5EA7C107}.Debug|Any CPU.Build.0 = Debug|Any CPU
		{033D5FAD-6C5E-4DBC-B192-868E5EA7C107}.Release|Any CPU.ActiveCfg = Release|Any CPU
		{033D5FAD-6C5E-4DBC-B192-868E5EA7C107}.Release|Any CPU.Build.0 = Release|Any CPU
	EndGlobalSection
	GlobalSection(SolutionProperties) = preSolution
		HideSolutionNode = FALSE
	EndGlobalSection
	GlobalSection(ExtensibilityGlobals) = postSolution
		SolutionGuid = {38B44607-2561-4AB0-8E22-B7B984FCC43A}
	EndGlobalSection
EndGlobal
